<?xml version="1.0" encoding="utf-8"?>
<Project ToolsVersion="4.0" xmlns="http://schemas.microsoft.com/developer/msbuild/2003">
  <ItemGroup>
    <Filter Include="Source Files">
      <UniqueIdentifier>{4FC737F1-C7A5-4376-A066-2A32D752A2FF}</UniqueIdentifier>
      <Extensions>cpp;c;cc;cxx;c++;cppm;ixx;def;odl;idl;hpj;bat;asm;asmx</Extensions>
    </Filter>
    <Filter Include="Header Files">
      <UniqueIdentifier>{93995380-89BD-4b04-88EB-625FBE52EBFB}</UniqueIdentifier>
      <Extensions>h;hh;hpp;hxx;h++;hm;inl;inc;ipp;xsd</Extensions>
    </Filter>
    <Filter Include="Resource Files">
      <UniqueIdentifier>{67DA6AB6-F800-4c08-8B7A-83BB121AAD01}</UniqueIdentifier>
      <Extensions>rc;ico;cur;bmp;dlg;rc2;rct;bin;rgs;gif;jpg;jpeg;jpe;resx;tiff;tif;png;wav;mfcribbon-ms</Extensions>
    </Filter>
    <Filter Include="Source Files\source_codes">
      <UniqueIdentifier>{86f39d65-aed4-4b41-b697-0c7b563276d4}</UniqueIdentifier>
    </Filter>
    <Filter Include="Source Files\pixel_art">
      <UniqueIdentifier>{31d2f675-e3b5-42ba-8d43-468c3d5622e2}</UniqueIdentifier>
    </Filter>
  </ItemGroup>
  <ItemGroup>
    <ClCompile Include="source\GameLogic.cpp">
      <Filter>Source Files\source_codes</Filter>
    </ClCompile>
    <ClCompile Include="source\Draw.cpp">
      <Filter>Source Files\source_codes</Filter>
    </ClCompile>
    <ClCompile Include="source\DoanCaro.cpp">
      <Filter>Source Files\source_codes</Filter>
    </ClCompile>
    <ClCompile Include="source\Control.cpp">
      <Filter>Source Files\source_codes</Filter>
    </ClCompile>
    <ClCompile Include="source\Feature.cpp">
      <Filter>Source Files</Filter>
    </ClCompile>
  </ItemGroup>
  <ItemGroup>
    <ClInclude Include="source\thuvien.h">
      <Filter>Source Files\source_codes</Filter>
    </ClInclude>
    <ClInclude Include="source\GameLogic.h">
      <Filter>Source Files\source_codes</Filter>
    </ClInclude>
    <ClInclude Include="source\Draw.h">
      <Filter>Source Files\source_codes</Filter>
    </ClInclude>
    <ClInclude Include="source\Control.h">
      <Filter>Source Files\source_codes</Filter>
    </ClInclude>
    <ClInclude Include="source\Feature.h">
      <Filter>Header Files</Filter>
    </ClInclude>
  </ItemGroup>
  <ItemGroup>
    <Text Include="pixel_art\text.txt">
      <Filter>Source Files\pixel_art</Filter>
    </Text>
    <Text Include="source\ListFiles.txt" />
    <Text Include="..\..\..\Downloads\draw.txt" />
  </ItemGroup>
  <ItemGroup>
    <Media Include="..\..\..\Documents\Bandicam\sound.wav">
      <Filter>Resource Files</Filter>
    </Media>
  </ItemGroup>
</Project>